// !$*UTF8*$!
{
	archiveVersion = 1;
	classes = {
	};
	objectVersion = 77;
	objects = {

/* Begin PBXContainerItemProxy section */
		E426AAC42F96B0350082C6F5 /* PBXContainerItemProxy */ = {
			isa = PBXContainerItemProxy;
			containerPortal = E426AAA52F96B0330082C6F5 /* Project object */;
			proxyType = 1;
			remoteGlobalIDString = E426AAAC2F96B0330082C6F5;
			remoteInfo = OverStats;
		};
		E426AACE2F96B0350082C6F5 /* PBXContainerItemProxy */ = {
			isa = PBXContainerItemProxy;
			containerPortal = E426AAA52F96B0330082C6F5 /* Project object */;
			proxyType = 1;
			remoteGlobalIDString = E426AAAC2F96B0330082C6F5;
			remoteInfo = OverStats;
		};
/* End PBXContainerItemProxy section */

/* Begin PBXFileReference section */
		E426AAAD2F96B0330082C6F5 /* OverStats.app */ = {isa = PBXFileReference; explicitFileType = wrapper.application; includeInIndex = 0; path = OverStats.app; sourceTree = BUILT_PRODUCTS_DIR; };
		E426AAC32F96B0350082C6F5 /* OverStatsTests.xctest */ = {isa = PBXFileReference; explicitFileType = wrapper.cfbundle; includeInIndex = 0; path = OverStatsTests.xctest; sourceTree = BUILT_PRODUCTS_DIR; };
		E426AACD2F96B0350082C6F5 /* OverStatsUITests.xctest */ = {isa = PBXFileReference; explicitFileType = wrapper.cfbundle; includeInIndex = 0; path = OverStatsUITests.xctest; sourceTree = BUILT_PRODUCTS_DIR; };
/* End PBXFileReference section */

/* Begin PBXFileSystemSynchronizedBuildFileExceptionSet section */
		E426AAD52F96B0350082C6F5 /* Exceptions for "OverStats" folder in "OverStats" target */ = {
			isa = PBXFileSystemSynchronizedBuildFileExceptionSet;
			membershipExceptions = (
				Info.plist,
			);
			target = E426AAAC2F96B0330082C6F5 /* OverStats */;
		};
/* End PBXFileSystemSynchronizedBuildFileExceptionSet section */

/* Begin PBXFileSystemSynchronizedRootGroup section */
		E426AAAF2F96B0330082C6F5 /* OverStats */ = {
			isa = PBXFileSystemSynchronizedRootGroup;
			exceptions = (
				E426AAD52F96B0350082C6F5 /* Exceptions for "OverStats" folder in "OverStats" target */,
			);
			path = OverStats;
			sourceTree = "<group>";
		};
		E426AAC62F96B0350082C6F5 /* OverStatsTests */ = {
			isa = PBXFileSystemSynchronizedRootGroup;
			path = OverStatsTests;
			sourceTree = "<group>";
		};
		E426AAD02F96B0350082C6F5 /* OverStatsUITests */ = {
			isa = PBXFileSystemSynchronizedRootGroup;
			path = OverStatsUITests;
			sourceTree = "<group>";
		};
/* End PBXFileSystemSynchronizedRootGroup section */

/* Begin PBXFrameworksBuildPhase section */
		E426AAAA2F96B0330082C6F5 /* Frameworks */ = {
			isa = PBXFrameworksBuildPhase;
			buildActionMask = 2147483647;
			files = (
			);
			runOnlyForDeploymentPostprocessing = 0;
		};
		E426AAC02F96B0350082C6F5 /* Frameworks */ = {
			isa = PBXFrameworksBuildPhase;
			buildActionMask = 2147483647;
			files = (
			);
			runOnlyForDeploymentPostprocessing = 0;
		};
		E426AACA2F96B0350082C6F5 /* Frameworks */ = {
			isa = PBXFrameworksBuildPhase;
			buildActionMask = 2147483647;
			files = (
			);
			runOnlyForDeploymentPostprocessing = 0;
		};
/* End PBXFrameworksBuildPhase section */

/* Begin PBXGroup section */
		E426AAA42F96B0330082C6F5 = {
			isa = PBXGroup;
			children = (
				E426AAAF2F96B0330082C6F5 /* OverStats */,
				E426AAC62F96B0350082C6F5 /* OverStatsTests */,
				E426AAD02F96B0350082C6F5 /* OverStatsUITests */,
				E426AAAE2F96B0330082C6F5 /* Products */,
			);
			sourceTree = "<group>";
		};
		E426AAAE2F96B0330082C6F5 /* Products */ = {
			isa = PBXGroup;
			children = (
				E426AAAD2F96B0330082C6F5 /* OverStats.app */,
				E426AAC32F96B0350082C6F5 /* OverStatsTests.xctest */,
				E426AACD2F96B0350082C6F5 /* OverStatsUITests.xctest */,
			);
			name = Products;
			sourceTree = "<group>";
		};
/* End PBXGroup section */

/* Begin PBXNativeTarget section */
		E426AAAC2F96B0330082C6F5 /* OverStats */ = {
			isa = PBXNativeTarget;
			buildConfigurationList = E426AAD62F96B0350082C6F5 /* Build configuration list for PBXNativeTarget "OverStats" */;
			buildPhases = (
				E426AAA92F96B0330082C6F5 /* Sources */,
				E426AAAA2F96B0330082C6F5 /* Frameworks */,
				E426AAAB2F96B0330082C6F5 /* Resources */,
			);
			buildRules = (
			);
			dependencies = (
			);
			fileSystemSynchronizedGroups = (
				E426AAAF2F96B0330082C6F5 /* OverStats */,
			);
			name = OverStats;
			packageProductDependencies = (
			);
			productName = OverStats;
			productReference = E426AAAD2F96B0330082C6F5 /* OverStats.app */;
			productType = "com.apple.product-type.application";
		};
		E426AAC22F96B0350082C6F5 /* OverStatsTests */ = {
			isa = PBXNativeTarget;
			buildConfigurationList = E426AADB2F96B0350082C6F5 /* Build configuration list for PBXNativeTarget "OverStatsTests" */;
			buildPhases = (
				E426AABF2F96B0350082C6F5 /* Sources */,
				E426AAC02F96B0350082C6F5 /* Frameworks */,
				E426AAC12F96B0350082C6F5 /* Resources */,
			);
			buildRules = (
			);
			dependencies = (
				E426AAC52F96B0350082C6F5 /* PBXTargetDependency */,
			);
			fileSystemSynchronizedGroups = (
				E426AAC62F96B0350082C6F5 /* OverStatsTests */,
			);
			name = OverStatsTests;
			packageProductDependencies = (
			);
			productName = OverStatsTests;
			productReference = E426AAC32F96B0350082C6F5 /* OverStatsTests.xctest */;
			productType = "com.apple.product-type.bundle.unit-test";
		};
		E426AACC2F96B0350082C6F5 /* OverStatsUITests */ = {
			isa = PBXNativeTarget;
			buildConfigurationList = E426AADE2F96B0350082C6F5 /* Build configuration list for PBXNativeTarget "OverStatsUITests" */;
			buildPhases = (
				E426AAC92F96B0350082C6F5 /* Sources */,
				E426AACA2F96B0350082C6F5 /* Frameworks */,
				E426AACB2F96B0350082C6F5 /* Resources */,
			);
			buildRules = (
			);
			dependencies = (
				E426AACF2F96B0350082C6F5 /* PBXTargetDependency */,
			);
			fileSystemSynchronizedGroups = (
				E426AAD02F96B0350082C6F5 /* OverStatsUITests */,
			);
			name = OverStatsUITests;
			packageProductDependencies = (
			);
			productName = OverStatsUITests;
			productReference = E426AACD2F96B0350082C6F5 /* OverStatsUITests.xctest */;
			productType = "com.apple.product-type.bundle.ui-testing";
		};
/* End PBXNativeTarget section */

/* Begin PBXProject section */
		E426AAA52F96B0330082C6F5 /* Project object */ = {
			isa = PBXProject;
			attributes = {
				BuildIndependentTargetsInParallel = 1;
				LastSwiftUpdateCheck = 1620;
				LastUpgradeCheck = 1620;
				TargetAttributes = {
					E426AAAC2F96B0330082C6F5 = {
						CreatedOnToolsVersion = 16.2;
					};
					E426AAC22F96B0350082C6F5 = {
						CreatedOnToolsVersion = 16.2;
						TestTargetID = E426AAAC2F96B0330082C6F5;
					};
					E426AACC2F96B0350082C6F5 = {
						CreatedOnToolsVersion = 16.2;
						TestTargetID = E426AAAC2F96B0330082C6F5;
					};
				};
			};
			buildConfigurationList = E426AAA82F96B0330082C6F5 /* Build configuration list for PBXProject "OverStats" */;
			developmentRegion = en;
			hasScannedForEncodings = 0;
			knownRegions = (
				en,
				Base,
			);
			mainGroup = E426AAA42F96B0330082C6F5;
			minimizedProjectReferenceProxies = 1;
			preferredProjectObjectVersion = 77;
			productRefGroup = E426AAAE2F96B0330082C6F5 /* Products */;
			projectDirPath = "";
			projectRoot = "";
			targets = (
				E426AAAC2F96B0330082C6F5 /* OverStats */,
				E426AAC22F96B0350082C6F5 /* OverStatsTests */,
				E426AACC2F96B0350082C6F5 /* OverStatsUITests */,
			);
		};
/* End PBXProject section */

/* Begin PBXResourcesBuildPhase section */
		E426AAAB2F96B0330082C6F5 /* Resources */ = {
			isa = PBXResourcesBuildPhase;
			buildActionMask = 2147483647;
			files = (
			);
			runOnlyForDeploymentPostprocessing = 0;
		};
		E426AAC12F96B0350082C6F5 /* Resources */ = {
			isa = PBXResourcesBuildPhase;
			buildActionMask = 2147483647;
			files = (
			);
			runOnlyForDeploymentPostprocessing = 0;
		};
		E426AACB2F96B0350082C6F5 /* Resources */ = {
			isa = PBXResourcesBuildPhase;
			buildActionMask = 2147483647;
			files = (
			);
			runOnlyForDeploymentPostprocessing = 0;
		};
/* End PBXResourcesBuildPhase section */

/* Begin PBXSourcesBuildPhase section */
		E426AAA92F96B0330082C6F5 /* Sources */ = {
			isa = PBXSourcesBuildPhase;
			buildActionMask = 2147483647;
			files = (
			);
			runOnlyForDeploymentPostprocessing = 0;
		};
		E426AABF2F96B0350082C6F5 /* Sources */ = {
			isa = PBXSourcesBuildPhase;
			buildActionMask = 2147483647;
			files = (
			);
			runOnlyForDeploymentPostprocessing = 0;
		};
		E426AAC92F96B0350082C6F5 /* Sources */ = {
			isa = PBXSourcesBuildPhase;
			buildActionMask = 2147483647;
			files = (
			);
			runOnlyForDeploymentPostprocessing = 0;
		};
/* End PBXSourcesBuildPhase section */

/* Begin PBXTargetDependency section */
		E426AAC52F96B0350082C6F5 /* PBXTargetDependency */ = {
			isa = PBXTargetDependency;
			target = E426AAAC2F96B0330082C6F5 /* OverStats */;
			targetProxy = E426AAC42F96B0350082C6F5 /* PBXContainerItemProxy */;
		};
		E426AACF2F96B0350082C6F5 /* PBXTargetDependency */ = {
			isa = PBXTargetDependency;
			target = E426AAAC2F96B0330082C6F5 /* OverStats */;
			targetProxy = E426AACE2F96B0350082C6F5 /* PBXContainerItemProxy */;
		};
/* End PBXTargetDependency section */

/* Begin XCBuildConfiguration section */
		E426AAD72F96B0350082C6F5 /* Debug */ = {
			isa = XCBuildConfiguration;
			buildSettings = {
				ASSETCATALOG_COMPILER_APPICON_NAME = AppIcon;
				ASSETCATALOG_COMPILER_GLOBAL_ACCENT_COLOR_NAME = AccentColor;
				CODE_SIGN_STYLE = Automatic;
				CURRENT_PROJECT_VERSION = 1;
				GENERATE_INFOPLIST_FILE = YES;
				INFOPLIST_FILE = OverStats/Info.plist;
				INFOPLIST_KEY_UIApplicationSupportsIndirectInputEvents = YES;
				INFOPLIST_KEY_UILaunchStoryboardName = LaunchScreen;
				INFOPLIST_KEY_UIMainStoryboardFile = Main;
				INFOPLIST_KEY_UISupportedInterfaceOrientations_iPad = "UIInterfaceOrientationPortrait UIInterfaceOrientationPortraitUpsideDown UIInterfaceOrientationLandscapeLeft UIInterfaceOrientationLandscapeRight";
				INFOPLIST_KEY_UISupportedInterfaceOrientations_iPhone = "UIInterfaceOrientationPortrait UIInterfaceOrientationLandscapeLeft UIInterfaceOrientationLandscapeRight";
				LD_RUNPATH_SEARCH_PATHS = (
					"$(inherited)",
					"@executable_path/Frameworks",
				);
				MARKETING_VERSION = 1.0;
				PRODUCT_BUNDLE_IDENTIFIER = com.Colotl.OverStats;
				PRODUCT_NAME = "$(TARGET_NAME)";
				SWIFT_EMIT_LOC_STRINGS = YES;
				SWIFT_VERSION = 5.0;
				TARGETED_DEVICE_FAMILY = "1,2";
			};
			name = Debug;
		};
		E426AAD82F96B0350082C6F5 /* Release */ = {
			isa = XCBuildConfiguration;
			buildSettings = {
				ASSETCATALOG_COMPILER_APPICON_NAME = AppIcon;
				ASSETCATALOG_COMPILER_GLOBAL_ACCENT_COLOR_NAME = AccentColor;
				CODE_SIGN_STYLE = Automatic;
				CURRENT_PROJECT_VERSION = 1;
				GENERATE_INFOPLIST_FILE = YES;
				INFOPLIST_FILE = OverStats/Info.plist;
				INFOPLIST_KEY_UIApplicationSupportsIndirectInputEvents = YES;
				INFOPLIST_KEY_UILaunchStoryboardName = LaunchScreen;
				INFOPLIST_KEY_UIMainStoryboardFile = Main;
				INFOPLIST_KEY_UISupportedInterfaceOrientations_iPad = "UIInterfaceOrientationPortrait UIInterfaceOrientationPortraitUpsideDown UIInterfaceOrientationLandscapeLeft UIInterfaceOrientationLandscapeRight";
				INFOPLIST_KEY_UISupportedInterfaceOrientations_iPhone = "UIInterfaceOrientationPortrait UIInterfaceOrientationLandscapeLeft UIInterfaceOrientationLandscapeRight";
				LD_RUNPATH_SEARCH_PATHS = (
					"$(inherited)",
					"@executable_path/Frameworks",
				);
				MARKETING_VERSION = 1.0;
				PRODUCT_BUNDLE_IDENTIFIER = com.Colotl.OverStats;
				PRODUCT_NAME = "$(TARGET_NAME)";
				SWIFT_EMIT_LOC_STRINGS = YES;
				SWIFT_VERSION = 5.0;
				TARGETED_DEVICE_FAMILY = "1,2";
			};
			name = Release;
		};
		E426AAD92F96B0350082C6F5 /* Debug */ = {
			isa = XCBuildConfiguration;
			buildSettings = {
				ALWAYS_SEARCH_USER_PATHS = NO;
				ASSETCATALOG_COMPILER_GENERATE_SWIFT_ASSET_SYMBOL_EXTENSIONS = YES;
				CLANG_ANALYZER_NONNULL = YES;
				CLANG_ANALYZER_NUMBER_OBJECT_CONVERSION = YES_AGGRESSIVE;
				CLANG_CXX_LANGUAGE_STANDARD = "gnu++20";
				CLANG_ENABLE_MODULES = YES;
				CLANG_ENABLE_OBJC_ARC = YES;
				CLANG_ENABLE_OBJC_WEAK = YES;
				CLANG_WARN_BLOCK_CAPTURE_AUTORELEASING = YES;
				CLANG_WARN_BOOL_CONVERSION = YES;
				CLANG_WARN_COMMA = YES;
				CLANG_WARN_CONSTANT_CONVERSION = YES;
				CLANG_WARN_DEPRECATED_OBJC_IMPLEMENTATIONS = YES;
				CLANG_WARN_DIRECT_OBJC_ISA_USAGE = YES_ERROR;
				CLANG_WARN_DOCUMENTATION_COMMENTS = YES;
				CLANG_WARN_EMPTY_BODY = YES;
				CLANG_WARN_ENUM_CONVERSION = YES;
				CLANG_WARN_INFINITE_RECURSION = YES;
				CLANG_WARN_INT_CONVERSION = YES;
				CLANG_WARN_NON_LITERAL_NULL_CONVERSION = YES;
				CLANG_WARN_OBJC_IMPLICIT_RETAIN_SELF = YES;
				CLANG_WARN_OBJC_LITERAL_CONVERSION = YES;
				CLANG_WARN_OBJC_ROOT_CLASS = YES_ERROR;
				CLANG_WARN_QUOTED_INCLUDE_IN_FRAMEWORK_HEADER = YES;
				CLANG_WARN_RANGE_LOOP_ANALYSIS = YES;
				CLANG_WARN_STRICT_PROTOTYPES = YES;
				CLANG_WARN_SUSPICIOUS_MOVE = YES;
				CLANG_WARN_UNGUARDED_AVAILABILITY = YES_AGGRESSIVE;
				CLANG_WARN_UNREACHABLE_CODE = YES;
				CLANG_WARN__DUPLICATE_METHOD_MATCH = YES;
				COPY_PHASE_STRIP = NO;
				DEBUG_INFORMATION_FORMAT = dwarf;
				ENABLE_STRICT_OBJC_MSGSEND = YES;
				ENABLE_TESTABILITY = YES;
				ENABLE_USER_SCRIPT_SANDBOXING = YES;
				GCC_C_LANGUAGE_STANDARD = gnu17;
				GCC_DYNAMIC_NO_PIC = NO;
				GCC_NO_COMMON_BLOCKS = YES;
				GCC_OPTIMIZATION_LEVEL = 0;
				GCC_PREPROCESSOR_DEFINITIONS = (
					"DEBUG=1",
					"$(inherited)",
				);
				GCC_WARN_64_TO_32_BIT_CONVERSION = YES;
				GCC_WARN_ABOUT_RETURN_TYPE = YES_ERROR;
				GCC_WARN_UNDECLARED_SELECTOR = YES;
				GCC_WARN_UNINITIALIZED_AUTOS = YES_AGGRESSIVE;
				GCC_WARN_UNUSED_FUNCTION = YES;
				GCC_WARN_UNUSED_VARIABLE = YES;
				IPHONEOS_DEPLOYMENT_TARGET = 18.2;
				LOCALIZATION_PREFERS_STRING_CATALOGS = YES;
				MTL_ENABLE_DEBUG_INFO = INCLUDE_SOURCE;
				MTL_FAST_MATH = YES;
				ONLY_ACTIVE_ARCH = YES;
				SDKROOT = iphoneos;
				SWIFT_ACTIVE_COMPILATION_CONDITIONS = "DEBUG $(inherited)";
				SWIFT_OPTIMIZATION_LEVEL = "-Onone";
			};
			name = Debug;
		};
		E426AADA2F96B0350082C6F5 /* Release */ = {
			isa = XCBuildConfiguration;
			buildSettings = {
				ALWAYS_SEARCH_USER_PATHS = NO;
				ASSETCATALOG_COMPILER_GENERATE_SWIFT_ASSET_SYMBOL_EXTENSIONS = YES;
				CLANG_ANALYZER_NONNULL = YES;
				CLANG_ANALYZER_NUMBER_OBJECT_CONVERSION = YES_AGGRESSIVE;
				CLANG_CXX_LANGUAGE_STANDARD = "gnu++20";
				CLANG_ENABLE_MODULES = YES;
				CLANG_ENABLE_OBJC_ARC = YES;
				CLANG_ENABLE_OBJC_WEAK = YES;
				CLANG_WARN_BLOCK_CAPTURE_AUTORELEASING = YES;
				CLANG_WARN_BOOL_CONVERSION = YES;
				CLANG_WARN_COMMA = YES;
				CLANG_WARN_CONSTANT_CONVERSION = YES;
				CLANG_WARN_DEPRECATED_OBJC_IMPLEMENTATIONS = YES;
				CLANG_WARN_DIRECT_OBJC_ISA_USAGE = YES_ERROR;
				CLANG_WARN_DOCUMENTATION_COMMENTS = YES;
				CLANG_WARN_EMPTY_BODY = YES;
				CLANG_WARN_ENUM_CONVERSION = YES;
				CLANG_WARN_INFINITE_RECURSION = YES;
				CLANG_WARN_INT_CONVERSION = YES;
				CLANG_WARN_NON_LITERAL_NULL_CONVERSION = YES;
				CLANG_WARN_OBJC_IMPLICIT_RETAIN_SELF = YES;
				CLANG_WARN_OBJC_LITERAL_CONVERSION = YES;
				CLANG_WARN_OBJC_ROOT_CLASS = YES_ERROR;
				CLANG_WARN_QUOTED_INCLUDE_IN_FRAMEWORK_HEADER = YES;
				CLANG_WARN_RANGE_LOOP_ANALYSIS = YES;
				CLANG_WARN_STRICT_PROTOTYPES = YES;
				CLANG_WARN_SUSPICIOUS_MOVE = YES;
				CLANG_WARN_UNGUARDED_AVAILABILITY = YES_AGGRESSIVE;
				CLANG_WARN_UNREACHABLE_CODE = YES;
				CLANG_WARN__DUPLICATE_METHOD_MATCH = YES;
				COPY_PHASE_STRIP = NO;
				DEBUG_INFORMATION_FORMAT = "dwarf-with-dsym";
				ENABLE_NS_ASSERTIONS = NO;
				ENABLE_STRICT_OBJC_MSGSEND = YES;
				ENABLE_USER_SCRIPT_SANDBOXING = YES;
				GCC_C_LANGUAGE_STANDARD = gnu17;
				GCC_NO_COMMON_BLOCKS = YES;
				GCC_WARN_64_TO_32_BIT_CONVERSION = YES;
				GCC_WARN_ABOUT_RETURN_TYPE = YES_ERROR;
				GCC_WARN_UNDECLARED_SELECTOR = YES;
				GCC_WARN_UNINITIALIZED_AUTOS = YES_AGGRESSIVE;
				GCC_WARN_UNUSED_FUNCTION = YES;
				GCC_WARN_UNUSED_VARIABLE = YES;
				IPHONEOS_DEPLOYMENT_TARGET = 18.2;
				LOCALIZATION_PREFERS_STRING_CATALOGS = YES;
				MTL_ENABLE_DEBUG_INFO = NO;
				MTL_FAST_MATH = YES;
				SDKROOT = iphoneos;
				SWIFT_COMPILATION_MODE = wholemodule;
				VALIDATE_PRODUCT = YES;
			};
			name = Release;
		};
		E426AADC2F96B0350082C6F5 /* Debug */ = {
			isa = XCBuildConfiguration;
			buildSettings = {
				BUNDLE_LOADER = "$(TEST_HOST)";
				CODE_SIGN_STYLE = Automatic;
				CURRENT_PROJECT_VERSION = 1;
				GENERATE_INFOPLIST_FILE = YES;
				IPHONEOS_DEPLOYMENT_TARGET = 18.2;
				MARKETING_VERSION = 1.0;
				PRODUCT_BUNDLE_IDENTIFIER = com.Colotl.OverStatsTests;
				PRODUCT_NAME = "$(TARGET_NAME)";
				SWIFT_EMIT_LOC_STRINGS = NO;
				SWIFT_VERSION = 5.0;
				TARGETED_DEVICE_FAMILY = "1,2";
				TEST_HOST = "$(BUILT_PRODUCTS_DIR)/OverStats.app/$(BUNDLE_EXECUTABLE_FOLDER_PATH)/OverStats";
			};
			name = Debug;
		};
		E426AADD2F96B0350082C6F5 /* Release */ = {
			isa = XCBuildConfiguration;
			buildSettings = {
				BUNDLE_LOADER = "$(TEST_HOST)";
				CODE_SIGN_STYLE = Automatic;
				CURRENT_PROJECT_VERSION = 1;
				GENERATE_INFOPLIST_FILE = YES;
				IPHONEOS_DEPLOYMENT_TARGET = 18.2;
				MARKETING_VERSION = 1.0;
				PRODUCT_BUNDLE_IDENTIFIER = com.Colotl.OverStatsTests;
				PRODUCT_NAME = "$(TARGET_NAME)";
				SWIFT_EMIT_LOC_STRINGS = NO;
				SWIFT_VERSION = 5.0;
				TARGETED_DEVICE_FAMILY = "1,2";
				TEST_HOST = "$(BUILT_PRODUCTS_DIR)/OverStats.app/$(BUNDLE_EXECUTABLE_FOLDER_PATH)/OverStats";
			};
			name = Release;
		};
		E426AADF2F96B0350082C6F5 /* Debug */ = {
			isa = XCBuildConfiguration;
			buildSettings = {
				CODE_SIGN_STYLE = Automatic;
				CURRENT_PROJECT_VERSION = 1;
				GENERATE_INFOPLIST_FILE = YES;
				MARKETING_VERSION = 1.0;
				PRODUCT_BUNDLE_IDENTIFIER = com.Colotl.OverStatsUITests;
				PRODUCT_NAME = "$(TARGET_NAME)";
				SWIFT_EMIT_LOC_STRINGS = NO;
				SWIFT_VERSION = 5.0;
				TARGETED_DEVICE_FAMILY = "1,2";
				TEST_TARGET_NAME = OverStats;
			};
			name = Debug;
		};
		E426AAE02F96B0350082C6F5 /* Release */ = {
			isa = XCBuildConfiguration;
			buildSettings = {
				CODE_SIGN_STYLE = Automatic;
				CURRENT_PROJECT_VERSION = 1;
				GENERATE_INFOPLIST_FILE = YES;
				MARKETING_VERSION = 1.0;
				PRODUCT_BUNDLE_IDENTIFIER = com.Colotl.OverStatsUITests;
				PRODUCT_NAME = "$(TARGET_NAME)";
				SWIFT_EMIT_LOC_STRINGS = NO;
				SWIFT_VERSION = 5.0;
				TARGETED_DEVICE_FAMILY = "1,2";
				TEST_TARGET_NAME = OverStats;
			};
			name = Release;
		};
/* End XCBuildConfiguration section */

/* Begin XCConfigurationList section */
		E426AAA82F96B0330082C6F5 /* Build configuration list for PBXProject "OverStats" */ = {
			isa = XCConfigurationList;
			buildConfigurations = (
				E426AAD92F96B0350082C6F5 /* Debug */,
				E426AADA2F96B0350082C6F5 /* Release */,
			);
			defaultConfigurationIsVisible = 0;
			defaultConfigurationName = Release;
		};
		E426AAD62F96B0350082C6F5 /* Build configuration list for PBXNativeTarget "OverStats" */ = {
			isa = XCConfigurationList;
			buildConfigurations = (
				E426AAD72F96B0350082C6F5 /* Debug */,
				E426AAD82F96B0350082C6F5 /* Release */,
			);
			defaultConfigurationIsVisible = 0;
			defaultConfigurationName = Release;
		};
		E426AADB2F96B0350082C6F5 /* Build configuration list for PBXNativeTarget "OverStatsTests" */ = {
			isa = XCConfigurationList;
			buildConfigurations = (
				E426AADC2F96B0350082C6F5 /* Debug */,
				E426AADD2F96B0350082C6F5 /* Release */,
			);
			defaultConfigurationIsVisible = 0;
			defaultConfigurationName = Release;
		};
		E426AADE2F96B0350082C6F5 /* Build configuration list for PBXNativeTarget "OverStatsUITests" */ = {
			isa = XCConfigurationList;
			buildConfigurations = (
				E426AADF2F96B0350082C6F5 /* Debug */,
				E426AAE02F96B0350082C6F5 /* Release */,
			);
			defaultConfigurationIsVisible = 0;
			defaultConfigurationName = Release;
		};
/* End XCConfigurationList section */
	};
	rootObject = E426AAA52F96B0330082C6F5 /* Project object */;
}
